<?xml version="1.0" encoding="UTF-8" standalone="yes" ?>
<CodeBlocks_project_file>
	<FileVersion major="1" minor="6" />
	<Project>
		<Option title="car" />
		<Option pch_mode="2" />
		<Option compiler="gcc" />
		<Build>
			<Target title="Debug">
				<Option output="bin/Debug/car" prefix_auto="1" extension_auto="1" />
				<Option object_output="obj/Debug/" />
				<Option type="1" />
				<Option compiler="gcc" />
				<Compiler>
					<Add option="-g" />
					<Add directory="../../c++ libs/SFML-2.3.2/include" />
				</Compiler>
				<Linker>
					<Add directory="../../c++ libs/SFML-2.3.2/lib" />
				</Linker>
			</Target>
			<Target title="Release">
				<Option output="bin/Release/car" prefix_auto="1" extension_auto="1" />
				<Option object_output="obj/Release/" />
				<Option type="1" />
				<Option compiler="gcc" />
				<Compiler>
					<Add option="-O2" />
				</Compiler>
				<Linker>
					<Add option="-s" />
				</Linker>
			</Target>
		</Build>
		<Compiler>
			<Add option="-fexceptions" />
			<Add option="-DSFML_STATIC" />
			<Add directory="../../c++ libs/SFML-2.3.2/include" />
		</Compiler>
		<Linker>
			<Add library="sfml-graphics-s" />
			<Add library="sfml-window-s" />
			<Add library="sfml-system-s" />
			<Add library="opengl32" />
			<Add library="freetype" />
			<Add library="jpeg" />
			<Add library="winmm" />
			<Add library="gdi32" />
			<Add directory="../../c++ libs/SFML-2.3.2/lib" />
		</Linker>
		<Unit filename="car.cpp" />
		<Unit filename="line.cpp">
			<Option compile="0" />
			<Option link="0" />
		</Unit>
		<Unit filename="line.h" />
		<Unit filename="main.cpp" />
		<Unit filename="main.old.cpp">
			<Option compile="0" />
			<Option link="0" />
		</Unit>
		<Unit filename="wheel.cpp" />
		<Extensions>
			<code_completion />
			<envvars />
			<debugger />
			<lib_finder disable_auto="1" />
		</Extensions>
	</Project>
</CodeBlocks_project_file>
